
Microsoft Visual Studio Solution File, Format Version 12.00
# Visual Studio Version 16
VisualStudioVersion = 16.0.29209.62
MinimumVisualStudioVersion = 10.0.40219.1
Project("{FAE04EC0-301F-11D3-BF4B-00C04F79EFBC}") = "Xamarin2Project.UWP", "Xamarin2Project\Xamarin2Project.UWP\Xamarin2Project.UWP.csproj", "{5A644A36-E0AB-4767-9FA5-3CD6ADB3E704}"
EndProject
Project("{FAE04EC0-301F-11D3-BF4B-00C04F79EFBC}") = "Xamarin2Project.Android", "Xamarin2Project\Xamarin2Project.Android\Xamarin2Project.Android.csproj", "{E5EE89A9-5377-44BA-B738-68E48C56388B}"
EndProject
Project("{FAE04EC0-301F-11D3-BF4B-00C04F79EFBC}") = "Xamarin2Project.iOS", "Xamarin2Project\Xamarin2Project.iOS\Xamarin2Project.iOS.csproj", "{500C8976-BCE0-448D-89A4-3C915977D05A}"
EndProject
Project("{FAE04EC0-301F-11D3-BF4B-00C04F79EFBC}") = "Xamarin2Project", "Xamarin2Project\Xamarin2Project\Xamarin2Project.csproj", "{E03DA95C-5EF1-40E5-BED4-E7D4F8A528E5}"
EndProject
Global
	GlobalSection(SolutionConfigurationPlatforms) = preSolution
		Debug|Any CPU = Debug|Any CPU
		Debug|ARM = Debug|ARM
		Debug|iPhone = Debug|iPhone
		Debug|iPhoneSimulator = Debug|iPhoneSimulator
		Debug|x64 = Debug|x64
		Debug|x86 = Debug|x86
		Release|Any CPU = Release|Any CPU
		Release|ARM = Release|ARM
		Release|iPhone = Release|iPhone
		Release|iPhoneSimulator = Release|iPhoneSimulator
		Release|x64 = Release|x64
		Release|x86 = Release|x86
	EndGlobalSection
	GlobalSection(ProjectConfigurationPlatforms) = postSolution
		{5A644A36-E0AB-4767-9FA5-3CD6ADB3E704}.Debug|Any CPU.ActiveCfg = Debug|x86
		{5A644A36-E0AB-4767-9FA5-3CD6ADB3E704}.Debug|Any CPU.Build.0 = Debug|x86
		{5A644A36-E0AB-4767-9FA5-3CD6ADB3E704}.Debug|Any CPU.Deploy.0 = Debug|x86
		{5A644A36-E0AB-4767-9FA5-3CD6ADB3E704}.Debug|ARM.ActiveCfg = Debug|ARM
		{5A644A36-E0AB-4767-9FA5-3CD6ADB3E704}.Debug|ARM.Build.0 = Debug|ARM
		{5A644A36-E0AB-4767-9FA5-3CD6ADB3E704}.Debug|ARM.Deploy.0 = Debug|ARM
		{5A644A36-E0AB-4767-9FA5-3CD6ADB3E704}.Debug|iPhone.ActiveCfg = Debug|x86
		{5A644A36-E0AB-4767-9FA5-3CD6ADB3E704}.Debug|iPhone.Build.0 = Debug|x86
		{5A644A36-E0AB-4767-9FA5-3CD6ADB3E704}.Debug|iPhone.Deploy.0 = Debug|x86
		{5A644A36-E0AB-4767-9FA5-3CD6ADB3E704}.Debug|iPhoneSimulator.ActiveCfg = Debug|x86
		{5A644A36-E0AB-4767-9FA5-3CD6ADB3E704}.Debug|iPhoneSimulator.Build.0 = Debug|x86
		{5A644A36-E0AB-4767-9FA5-3CD6ADB3E704}.Debug|iPhoneSimulator.Deploy.0 = Debug|x86
		{5A644A36-E0AB-4767-9FA5-3CD6ADB3E704}.Debug|x64.ActiveCfg = Debug|x64
		{5A644A36-E0AB-4767-9FA5-3CD6ADB3E704}.Debug|x64.Build.0 = Debug|x64
		{5A644A36-E0AB-4767-9FA5-3CD6ADB3E704}.Debug|x64.Deploy.0 = Debug|x64
		{5A644A36-E0AB-4767-9FA5-3CD6ADB3E704}.Debug|x86.ActiveCfg = Debug|x86
		{5A644A36-E0AB-4767-9FA5-3CD6ADB3E704}.Debug|x86.Build.0 = Debug|x86
		{5A644A36-E0AB-4767-9FA5-3CD6ADB3E704}.Debug|x86.Deploy.0 = Debug|x86
		{5A644A36-E0AB-4767-9FA5-3CD6ADB3E704}.Release|Any CPU.ActiveCfg = Release|x86
		{5A644A36-E0AB-4767-9FA5-3CD6ADB3E704}.Release|Any CPU.Build.0 = Release|x86
		{5A644A36-E0AB-4767-9FA5-3CD6ADB3E704}.Release|Any CPU.Deploy.0 = Release|x86
		{5A644A36-E0AB-4767-9FA5-3CD6ADB3E704}.Release|ARM.ActiveCfg = Release|ARM
		{5A644A36-E0AB-4767-9FA5-3CD6ADB3E704}.Release|ARM.Build.0 = Release|ARM
		{5A644A36-E0AB-4767-9FA5-3CD6ADB3E704}.Release|ARM.Deploy.0 = Release|ARM
		{5A644A36-E0AB-4767-9FA5-3CD6ADB3E704}.Release|iPhone.ActiveCfg = Release|x86
		{5A644A36-E0AB-4767-9FA5-3CD6ADB3E704}.Release|iPhone.Build.0 = Release|x86
		{5A644A36-E0AB-4767-9FA5-3CD6ADB3E704}.Release|iPhone.Deploy.0 = Release|x86
		{5A644A36-E0AB-4767-9FA5-3CD6ADB3E704}.Release|iPhoneSimulator.ActiveCfg = Release|x86
		{5A644A36-E0AB-4767-9FA5-3CD6ADB3E704}.Release|iPhoneSimulator.Build.0 = Release|x86
		{5A644A36-E0AB-4767-9FA5-3CD6ADB3E704}.Release|iPhoneSimulator.Deploy.0 = Release|x86
		{5A644A36-E0AB-4767-9FA5-3CD6ADB3E704}.Release|x64.ActiveCfg = Release|x64
		{5A644A36-E0AB-4767-9FA5-3CD6ADB3E704}.Release|x64.Build.0 = Release|x64
		{5A644A36-E0AB-4767-9FA5-3CD6ADB3E704}.Release|x64.Deploy.0 = Release|x64
		{5A644A36-E0AB-4767-9FA5-3CD6ADB3E704}.Release|x86.ActiveCfg = Release|x86
		{5A644A36-E0AB-4767-9FA5-3CD6ADB3E704}.Release|x86.Build.0 = Release|x86
		{5A644A36-E0AB-4767-9FA5-3CD6ADB3E704}.Release|x86.Deploy.0 = Release|x86
		{E5EE89A9-5377-44BA-B738-68E48C56388B}.Debug|Any CPU.ActiveCfg = Debug|Any CPU
		{E5EE89A9-5377-44BA-B738-68E48C56388B}.Debug|Any CPU.Build.0 = Debug|Any CPU
		{E5EE89A9-5377-44BA-B738-68E48C56388B}.Debug|Any CPU.Deploy.0 = Debug|Any CPU
		{E5EE89A9-5377-44BA-B738-68E48C56388B}.Debug|ARM.ActiveCfg = Debug|Any CPU
		{E5EE89A9-5377-44BA-B738-68E48C56388B}.Debug|ARM.Build.0 = Debug|Any CPU
		{E5EE89A9-5377-44BA-B738-68E48C56388B}.Debug|ARM.Deploy.0 = Debug|Any CPU
		{E5EE89A9-5377-44BA-B738-68E48C56388B}.Debug|iPhone.ActiveCfg = Debug|Any CPU
		{E5EE89A9-5377-44BA-B738-68E48C56388B}.Debug|iPhone.Build.0 = Debug|Any CPU
		{E5EE89A9-5377-44BA-B738-68E48C56388B}.Debug|iPhone.Deploy.0 = Debug|Any CPU
		{E5EE89A9-5377-44BA-B738-68E48C56388B}.Debug|iPhoneSimulator.ActiveCfg = Debug|Any CPU
		{E5EE89A9-5377-44BA-B738-68E48C56388B}.Debug|iPhoneSimulator.Build.0 = Debug|Any CPU
		{E5EE89A9-5377-44BA-B738-68E48C56388B}.Debug|iPhoneSimulator.Deploy.0 = Debug|Any CPU
		{E5EE89A9-5377-44BA-B738-68E48C56388B}.Debug|x64.ActiveCfg = Debug|Any CPU
		{E5EE89A9-5377-44BA-B738-68E48C56388B}.Debug|x64.Build.0 = Debug|Any CPU
		{E5EE89A9-5377-44BA-B738-68E48C56388B}.Debug|x64.Deploy.0 = Debug|Any CPU
		{E5EE89A9-5377-44BA-B738-68E48C56388B}.Debug|x86.ActiveCfg = Debug|Any CPU
		{E5EE89A9-5377-44BA-B738-68E48C56388B}.Debug|x86.Build.0 = Debug|Any CPU
		{E5EE89A9-5377-44BA-B738-68E48C56388B}.Debug|x86.Deploy.0 = Debug|Any CPU
		{E5EE89A9-5377-44BA-B738-68E48C56388B}.Release|Any CPU.ActiveCfg = Release|Any CPU
		{E5EE89A9-5377-44BA-B738-68E48C56388B}.Release|Any CPU.Build.0 = Release|Any CPU
		{E5EE89A9-5377-44BA-B738-68E48C56388B}.Release|Any CPU.Deploy.0 = Release|Any CPU
		{E5EE89A9-5377-44BA-B738-68E48C56388B}.Release|ARM.ActiveCfg = Release|Any CPU
		{E5EE89A9-5377-44BA-B738-68E48C56388B}.Release|ARM.Build.0 = Release|Any CPU
		{E5EE89A9-5377-44BA-B738-68E48C56388B}.Release|ARM.Deploy.0 = Release|Any CPU
		{E5EE89A9-5377-44BA-B738-68E48C56388B}.Release|iPhone.ActiveCfg = Release|Any CPU
		{E5EE89A9-5377-44BA-B738-68E48C56388B}.Release|iPhone.Build.0 = Release|Any CPU
		{E5EE89A9-5377-44BA-B738-68E48C56388B}.Release|iPhone.Deploy.0 = Release|Any CPU
		{E5EE89A9-5377-44BA-B738-68E48C56388B}.Release|iPhoneSimulator.ActiveCfg = Release|Any CPU
		{E5EE89A9-5377-44BA-B738-68E48C56388B}.Release|iPhoneSimulator.Build.0 = Release|Any CPU
		{E5EE89A9-5377-44BA-B738-68E48C56388B}.Release|iPhoneSimulator.Deploy.0 = Release|Any CPU
		{E5EE89A9-5377-44BA-B738-68E48C56388B}.Release|x64.ActiveCfg = Release|Any CPU
		{E5EE89A9-5377-44BA-B738-68E48C56388B}.Release|x64.Build.0 = Release|Any CPU
		{E5EE89A9-5377-44BA-B738-68E48C56388B}.Release|x64.Deploy.0 = Release|Any CPU
		{E5EE89A9-5377-44BA-B738-68E48C56388B}.Release|x86.ActiveCfg = Release|Any CPU
		{E5EE89A9-5377-44BA-B738-68E48C56388B}.Release|x86.Build.0 = Release|Any CPU
		{E5EE89A9-5377-44BA-B738-68E48C56388B}.Release|x86.Deploy.0 = Release|Any CPU
		{500C8976-BCE0-448D-89A4-3C915977D05A}.Debug|Any CPU.ActiveCfg = Debug|iPhone
		{500C8976-BCE0-448D-89A4-3C915977D05A}.Debug|Any CPU.Build.0 = Debug|iPhone
		{500C8976-BCE0-448D-89A4-3C915977D05A}.Debug|Any CPU.Deploy.0 = Debug|iPhone
		{500C8976-BCE0-448D-89A4-3C915977D05A}.Debug|ARM.ActiveCfg = Debug|iPhoneSimulator
		{500C8976-BCE0-448D-89A4-3C915977D05A}.Debug|ARM.Build.0 = Debug|iPhoneSimulator
		{500C8976-BCE0-448D-89A4-3C915977D05A}.Debug|ARM.Deploy.0 = Debug|iPhoneSimulator
		{500C8976-BCE0-448D-89A4-3C915977D05A}.Debug|iPhone.ActiveCfg = Debug|iPhone
		{500C8976-BCE0-448D-89A4-3C915977D05A}.Debug|iPhone.Build.0 = Debug|iPhone
		{500C8976-BCE0-448D-89A4-3C915977D05A}.Debug|iPhone.Deploy.0 = Debug|iPhone
		{500C8976-BCE0-448D-89A4-3C915977D05A}.Debug|iPhoneSimulator.ActiveCfg = Debug|iPhoneSimulator
		{500C8976-BCE0-448D-89A4-3C915977D05A}.Debug|iPhoneSimulator.Build.0 = Debug|iPhoneSimulator
		{500C8976-BCE0-448D-89A4-3C915977D05A}.Debug|iPhoneSimulator.Deploy.0 = Debug|iPhoneSimulator
		{500C8976-BCE0-448D-89A4-3C915977D05A}.Debug|x64.ActiveCfg = Debug|iPhone
		{500C8976-BCE0-448D-89A4-3C915977D05A}.Debug|x64.Build.0 = Debug|iPhone
		{500C8976-BCE0-448D-89A4-3C915977D05A}.Debug|x64.Deploy.0 = Debug|iPhone
		{500C8976-BCE0-448D-89A4-3C915977D05A}.Debug|x86.ActiveCfg = Debug|iPhone
		{500C8976-BCE0-448D-89A4-3C915977D05A}.Debug|x86.Build.0 = Debug|iPhone
		{500C8976-BCE0-448D-89A4-3C915977D05A}.Debug|x86.Deploy.0 = Debug|iPhone
		{500C8976-BCE0-448D-89A4-3C915977D05A}.Release|Any CPU.ActiveCfg = Release|iPhone
		{500C8976-BCE0-448D-89A4-3C915977D05A}.Release|Any CPU.Build.0 = Release|iPhone
		{500C8976-BCE0-448D-89A4-3C915977D05A}.Release|Any CPU.Deploy.0 = Release|iPhone
		{500C8976-BCE0-448D-89A4-3C915977D05A}.Release|ARM.ActiveCfg = Release|iPhone
		{500C8976-BCE0-448D-89A4-3C915977D05A}.Release|ARM.Build.0 = Release|iPhone
		{500C8976-BCE0-448D-89A4-3C915977D05A}.Release|ARM.Deploy.0 = Release|iPhone
		{500C8976-BCE0-448D-89A4-3C915977D05A}.Release|iPhone.ActiveCfg = Release|iPhone
		{500C8976-BCE0-448D-89A4-3C915977D05A}.Release|iPhone.Build.0 = Release|iPhone
		{500C8976-BCE0-448D-89A4-3C915977D05A}.Release|iPhone.Deploy.0 = Release|iPhone
		{500C8976-BCE0-448D-89A4-3C915977D05A}.Release|iPhoneSimulator.ActiveCfg = Release|iPhoneSimulator
		{500C8976-BCE0-448D-89A4-3C915977D05A}.Release|iPhoneSimulator.Build.0 = Release|iPhoneSimulator
		{500C8976-BCE0-448D-89A4-3C915977D05A}.Release|iPhoneSimulator.Deploy.0 = Release|iPhoneSimulator
		{500C8976-BCE0-448D-89A4-3C915977D05A}.Release|x64.ActiveCfg = Release|iPhone
		{500C8976-BCE0-448D-89A4-3C915977D05A}.Release|x64.Build.0 = Release|iPhone
		{500C8976-BCE0-448D-89A4-3C915977D05A}.Release|x64.Deploy.0 = Release|iPhone
		{500C8976-BCE0-448D-89A4-3C915977D05A}.Release|x86.ActiveCfg = Release|iPhone
		{500C8976-BCE0-448D-89A4-3C915977D05A}.Release|x86.Build.0 = Release|iPhone
		{500C8976-BCE0-448D-89A4-3C915977D05A}.Release|x86.Deploy.0 = Release|iPhone
		{E03DA95C-5EF1-40E5-BED4-E7D4F8A528E5}.Debug|Any CPU.ActiveCfg = Debug|Any CPU
		{E03DA95C-5EF1-40E5-BED4-E7D4F8A528E5}.Debug|Any CPU.Build.0 = Debug|Any CPU
		{E03DA95C-5EF1-40E5-BED4-E7D4F8A528E5}.Debug|Any CPU.Deploy.0 = Debug|Any CPU
		{E03DA95C-5EF1-40E5-BED4-E7D4F8A528E5}.Debug|ARM.ActiveCfg = Debug|Any CPU
		{E03DA95C-5EF1-40E5-BED4-E7D4F8A528E5}.Debug|ARM.Build.0 = Debug|Any CPU
		{E03DA95C-5EF1-40E5-BED4-E7D4F8A528E5}.Debug|ARM.Deploy.0 = Debug|Any CPU
		{E03DA95C-5EF1-40E5-BED4-E7D4F8A528E5}.Debug|iPhone.ActiveCfg = Debug|Any CPU
		{E03DA95C-5EF1-40E5-BED4-E7D4F8A528E5}.Debug|iPhone.Build.0 = Debug|Any CPU
		{E03DA95C-5EF1-40E5-BED4-E7D4F8A528E5}.Debug|iPhone.Deploy.0 = Debug|Any CPU
		{E03DA95C-5EF1-40E5-BED4-E7D4F8A528E5}.Debug|iPhoneSimulator.ActiveCfg = Debug|Any CPU
		{E03DA95C-5EF1-40E5-BED4-E7D4F8A528E5}.Debug|iPhoneSimulator.Build.0 = Debug|Any CPU
		{E03DA95C-5EF1-40E5-BED4-E7D4F8A528E5}.Debug|iPhoneSimulator.Deploy.0 = Debug|Any CPU
		{E03DA95C-5EF1-40E5-BED4-E7D4F8A528E5}.Debug|x64.ActiveCfg = Debug|Any CPU
		{E03DA95C-5EF1-40E5-BED4-E7D4F8A528E5}.Debug|x64.Build.0 = Debug|Any CPU
		{E03DA95C-5EF1-40E5-BED4-E7D4F8A528E5}.Debug|x64.Deploy.0 = Debug|Any CPU
		{E03DA95C-5EF1-40E5-BED4-E7D4F8A528E5}.Debug|x86.ActiveCfg = Debug|Any CPU
		{E03DA95C-5EF1-40E5-BED4-E7D4F8A528E5}.Debug|x86.Build.0 = Debug|Any CPU
		{E03DA95C-5EF1-40E5-BED4-E7D4F8A528E5}.Debug|x86.Deploy.0 = Debug|Any CPU
		{E03DA95C-5EF1-40E5-BED4-E7D4F8A528E5}.Release|Any CPU.ActiveCfg = Release|Any CPU
		{E03DA95C-5EF1-40E5-BED4-E7D4F8A528E5}.Release|Any CPU.Build.0 = Release|Any CPU
		{E03DA95C-5EF1-40E5-BED4-E7D4F8A528E5}.Release|Any CPU.Deploy.0 = Release|Any CPU
		{E03DA95C-5EF1-40E5-BED4-E7D4F8A528E5}.Release|ARM.ActiveCfg = Release|Any CPU
		{E03DA95C-5EF1-40E5-BED4-E7D4F8A528E5}.Release|ARM.Build.0 = Release|Any CPU
		{E03DA95C-5EF1-40E5-BED4-E7D4F8A528E5}.Release|ARM.Deploy.0 = Release|Any CPU
		{E03DA95C-5EF1-40E5-BED4-E7D4F8A528E5}.Release|iPhone.ActiveCfg = Release|Any CPU
		{E03DA95C-5EF1-40E5-BED4-E7D4F8A528E5}.Release|iPhone.Build.0 = Release|Any CPU
		{E03DA95C-5EF1-40E5-BED4-E7D4F8A528E5}.Release|iPhone.Deploy.0 = Release|Any CPU
		{E03DA95C-5EF1-40E5-BED4-E7D4F8A528E5}.Release|iPhoneSimulator.ActiveCfg = Release|Any CPU
		{E03DA95C-5EF1-40E5-BED4-E7D4F8A528E5}.Release|iPhoneSimulator.Build.0 = Release|Any CPU
		{E03DA95C-5EF1-40E5-BED4-E7D4F8A528E5}.Release|iPhoneSimulator.Deploy.0 = Release|Any CPU
		{E03DA95C-5EF1-40E5-BED4-E7D4F8A528E5}.Release|x64.ActiveCfg = Release|Any CPU
		{E03DA95C-5EF1-40E5-BED4-E7D4F8A528E5}.Release|x64.Build.0 = Release|Any CPU
		{E03DA95C-5EF1-40E5-BED4-E7D4F8A528E5}.Release|x64.Deploy.0 = Release|Any CPU
		{E03DA95C-5EF1-40E5-BED4-E7D4F8A528E5}.Release|x86.ActiveCfg = Release|Any CPU
		{E03DA95C-5EF1-40E5-BED4-E7D4F8A528E5}.Release|x86.Build.0 = Release|Any CPU
		{E03DA95C-5EF1-40E5-BED4-E7D4F8A528E5}.Release|x86.Deploy.0 = Release|Any CPU
	EndGlobalSection
	GlobalSection(SolutionProperties) = preSolution
		HideSolutionNode = FALSE
	EndGlobalSection
	GlobalSection(ExtensibilityGlobals) = postSolution
		SolutionGuid = {1C67D267-E462-46EA-B025-D0C710B5CE5B}
	EndGlobalSection
EndGlobal
